
Microsoft Visual Studio Solution File, Format Version 12.00
# Visual Studio Version 16
VisualStudioVersion = 16.0.31624.102
MinimumVisualStudioVersion = 10.0.40219.1
Project("{FAE04EC0-301F-11D3-BF4B-00C04F79EFBC}") = "SmartHouse", "SmartHouse.csproj", "{0E1588C3-091E-4674-AA7D-EA0894FBFF5C}"
EndProject
Global
	GlobalSection(SolutionConfigurationPlatforms) = preSolution
		Debug|Any CPU = Debug|Any CPU
		Release|Any CPU = Release|Any CPU
	EndGlobalSection
	GlobalSection(ProjectConfigurationPlatforms) = postSolution
		{0E1588C3-091E-4674-AA7D-EA0894FBFF5C}.Debug|Any CPU.ActiveCfg = Debug|Any CPU
		{0E1588C3-091E-4674-AA7D-EA0894FBFF5C}.Debug|Any CPU.Build.0 = Debug|Any CPU
		{0E1588C3-091E-4674-AA7D-EA0894FBFF5C}.Release|Any CPU.ActiveCfg = Release|Any CPU
		{0E1588C3-091E-4674-AA7D-EA0894FBFF5C}.Release|Any CPU.Build.0 = Release|Any CPU
	EndGlobalSection
	GlobalSection(SolutionProperties) = preSolution
		HideSolutionNode = FALSE
	EndGlobalSection
	GlobalSection(ExtensibilityGlobals) = postSolution
		SolutionGuid = {BB9F7BBE-605D-45BB-9E10-B6F437C8763B}
	EndGlobalSection
EndGlobal
