
Microsoft Visual Studio Solution File, Format Version 12.00
# Visual Studio Version 16
VisualStudioVersion = 16.0.31624.102
MinimumVisualStudioVersion = 10.0.40219.1
Project("{FAE04EC0-301F-11D3-BF4B-00C04F79EFBC}") = "Zadanie №5_4", "Zadanie №5_4\Zadanie №5_4.csproj", "{428A6882-86AF-46A3-B114-7F6DD8E5AEB0}"
EndProject
Global
	GlobalSection(SolutionConfigurationPlatforms) = preSolution
		Debug|Any CPU = Debug|Any CPU
		Release|Any CPU = Release|Any CPU
	EndGlobalSection
	GlobalSection(ProjectConfigurationPlatforms) = postSolution
		{428A6882-86AF-46A3-B114-7F6DD8E5AEB0}.Debug|Any CPU.ActiveCfg = Debug|Any CPU
		{428A6882-86AF-46A3-B114-7F6DD8E5AEB0}.Debug|Any CPU.Build.0 = Debug|Any CPU
		{428A6882-86AF-46A3-B114-7F6DD8E5AEB0}.Release|Any CPU.ActiveCfg = Release|Any CPU
		{428A6882-86AF-46A3-B114-7F6DD8E5AEB0}.Release|Any CPU.Build.0 = Release|Any CPU
	EndGlobalSection
	GlobalSection(SolutionProperties) = preSolution
		HideSolutionNode = FALSE
	EndGlobalSection
	GlobalSection(ExtensibilityGlobals) = postSolution
		SolutionGuid = {F0E410A9-C9F6-484F-8F8A-20863CDA9D48}
	EndGlobalSection
EndGlobal
