
Microsoft Visual Studio Solution File, Format Version 12.00
# Visual Studio Version 16
VisualStudioVersion = 16.0.31624.102
MinimumVisualStudioVersion = 10.0.40219.1
Project("{FAE04EC0-301F-11D3-BF4B-00C04F79EFBC}") = "SmartHouse2", "SmartHouse2.csproj", "{34A5DC55-8068-4B0F-B694-FD5C43F2FFF2}"
EndProject
Global
	GlobalSection(SolutionConfigurationPlatforms) = preSolution
		Debug|Any CPU = Debug|Any CPU
		Release|Any CPU = Release|Any CPU
	EndGlobalSection
	GlobalSection(ProjectConfigurationPlatforms) = postSolution
		{34A5DC55-8068-4B0F-B694-FD5C43F2FFF2}.Debug|Any CPU.ActiveCfg = Debug|Any CPU
		{34A5DC55-8068-4B0F-B694-FD5C43F2FFF2}.Debug|Any CPU.Build.0 = Debug|Any CPU
		{34A5DC55-8068-4B0F-B694-FD5C43F2FFF2}.Release|Any CPU.ActiveCfg = Release|Any CPU
		{34A5DC55-8068-4B0F-B694-FD5C43F2FFF2}.Release|Any CPU.Build.0 = Release|Any CPU
	EndGlobalSection
	GlobalSection(SolutionProperties) = preSolution
		HideSolutionNode = FALSE
	EndGlobalSection
	GlobalSection(ExtensibilityGlobals) = postSolution
		SolutionGuid = {9030727E-3137-4AD8-A043-AA92626F7E11}
	EndGlobalSection
EndGlobal
